// !$*UTF8*$!
{
	archiveVersion = 1;
	classes = {
	};
	objectVersion = 48;
	objects = {

/* Begin PBXBuildFile section */
		15062A97A5A058C4DAF0327A /* libPods-NewProject.a in Frameworks */ = {isa = PBXBuildFile; fileRef = 0C8E469EFBE7018105D5EA49 /* libPods-NewProject.a */; };
		5BFF0473C3E27A2B560296E7 /* libPods-NewProjectTests.a in Frameworks */ = {isa = PBXBuildFile; fileRef = 730D91B0A6AC10D8D2C1CA8D /* libPods-NewProjectTests.a */; };
		84184D342058B930002FEBED /* AppDelegate.m in Sources */ = {isa = PBXBuildFile; fileRef = 84184D332058B930002FEBED /* AppDelegate.m */; };
		84184D372058B930002FEBED /* ViewController.m in Sources */ = {isa = PBXBuildFile; fileRef = 84184D362058B930002FEBED /* ViewController.m */; };
		84184D3A2058B930002FEBED /* Main.storyboard in Resources */ = {isa = PBXBuildFile; fileRef = 84184D382058B930002FEBED /* Main.storyboard */; };
		84184D3C2058B930002FEBED /* Assets.xcassets in Resources */ = {isa = PBXBuildFile; fileRef = 84184D3B2058B930002FEBED /* Assets.xcassets */; };
		84184D3F2058B930002FEBED /* LaunchScreen.storyboard in Resources */ = {isa = PBXBuildFile; fileRef = 84184D3D2058B930002FEBED /* LaunchScreen.storyboard */; };
		84184D422058B931002FEBED /* main.m in Sources */ = {isa = PBXBuildFile; fileRef = 84184D412058B931002FEBED /* main.m */; };
		84184D4C2058B931002FEBED /* NewProjectTests.m in Sources */ = {isa = PBXBuildFile; fileRef = 84184D4B2058B931002FEBED /* NewProjectTests.m */; };
		84184D572058B931002FEBED /* NewProjectUITests.m in Sources */ = {isa = PBXBuildFile; fileRef = 84184D562058B931002FEBED /* NewProjectUITests.m */; };
		8484D03F2058F42700F213A7 /* NSObject+BreakPoint.m in Sources */ = {isa = PBXBuildFile; fileRef = 8484D03E2058F42700F213A7 /* NSObject+BreakPoint.m */; };
		8484D042205A486A00F213A7 /* MMViewController.m in Sources */ = {isa = PBXBuildFile; fileRef = 8484D041205A486A00F213A7 /* MMViewController.m */; };
		8484D045205A5D1E00F213A7 /* MMTableViewController.m in Sources */ = {isa = PBXBuildFile; fileRef = 8484D044205A5D1E00F213A7 /* MMTableViewController.m */; };
		8484D048205A5D4900F213A7 /* SMMTableViewController.m in Sources */ = {isa = PBXBuildFile; fileRef = 8484D047205A5D4900F213A7 /* SMMTableViewController.m */; };
		8484D04B205A68B300F213A7 /* UIViewController+MMScrollViewCtronller.m in Sources */ = {isa = PBXBuildFile; fileRef = 8484D04A205A68B300F213A7 /* UIViewController+MMScrollViewCtronller.m */; };
		F90BC93990BBBE7A83277DE4 /* libPods-NewProjectUITests.a in Frameworks */ = {isa = PBXBuildFile; fileRef = 2B59A5D5DF2C3C23A2FE291B /* libPods-NewProjectUITests.a */; };
/* End PBXBuildFile section */

/* Begin PBXContainerItemProxy section */
		84184D482058B931002FEBED /* PBXContainerItemProxy */ = {
			isa = PBXContainerItemProxy;
			containerPortal = 84184D272058B930002FEBED /* Project object */;
			proxyType = 1;
			remoteGlobalIDString = 84184D2E2058B930002FEBED;
			remoteInfo = NewProject;
		};
		84184D532058B931002FEBED /* PBXContainerItemProxy */ = {
			isa = PBXContainerItemProxy;
			containerPortal = 84184D272058B930002FEBED /* Project object */;
			proxyType = 1;
			remoteGlobalIDString = 84184D2E2058B930002FEBED;
			remoteInfo = NewProject;
		};
/* End PBXContainerItemProxy section */

/* Begin PBXFileReference section */
		0781FA06A912F2D44E27A65A /* Pods-NewProjectTests.release.xcconfig */ = {isa = PBXFileReference; includeInIndex = 1; lastKnownFileType = text.xcconfig; name = "Pods-NewProjectTests.release.xcconfig"; path = "Pods/Target Support Files/Pods-NewProjectTests/Pods-NewProjectTests.release.xcconfig"; sourceTree = "<group>"; };
		0C8E469EFBE7018105D5EA49 /* libPods-NewProject.a */ = {isa = PBXFileReference; explicitFileType = archive.ar; includeInIndex = 0; path = "libPods-NewProject.a"; sourceTree = BUILT_PRODUCTS_DIR; };
		2B59A5D5DF2C3C23A2FE291B /* libPods-NewProjectUITests.a */ = {isa = PBXFileReference; explicitFileType = archive.ar; includeInIndex = 0; path = "libPods-NewProjectUITests.a"; sourceTree = BUILT_PRODUCTS_DIR; };
		2D9EF4EB3877075DA26A41C6 /* Pods-NewProject.debug.xcconfig */ = {isa = PBXFileReference; includeInIndex = 1; lastKnownFileType = text.xcconfig; name = "Pods-NewProject.debug.xcconfig"; path = "Pods/Target Support Files/Pods-NewProject/Pods-NewProject.debug.xcconfig"; sourceTree = "<group>"; };
		7129A8B18E5668A7A45F59C3 /* Pods-NewProjectUITests.debug.xcconfig */ = {isa = PBXFileReference; includeInIndex = 1; lastKnownFileType = text.xcconfig; name = "Pods-NewProjectUITests.debug.xcconfig"; path = "Pods/Target Support Files/Pods-NewProjectUITests/Pods-NewProjectUITests.debug.xcconfig"; sourceTree = "<group>"; };
		730D91B0A6AC10D8D2C1CA8D /* libPods-NewProjectTests.a */ = {isa = PBXFileReference; explicitFileType = archive.ar; includeInIndex = 0; path = "libPods-NewProjectTests.a"; sourceTree = BUILT_PRODUCTS_DIR; };
		84184D2F2058B930002FEBED /* NewProject.app */ = {isa = PBXFileReference; explicitFileType = wrapper.application; includeInIndex = 0; path = NewProject.app; sourceTree = BUILT_PRODUCTS_DIR; };
		84184D322058B930002FEBED /* AppDelegate.h */ = {isa = PBXFileReference; lastKnownFileType = sourcecode.c.h; path = AppDelegate.h; sourceTree = "<group>"; };
		84184D332058B930002FEBED /* AppDelegate.m */ = {isa = PBXFileReference; lastKnownFileType = sourcecode.c.objc; path = AppDelegate.m; sourceTree = "<group>"; };
		84184D352058B930002FEBED /* ViewController.h */ = {isa = PBXFileReference; lastKnownFileType = sourcecode.c.h; path = ViewController.h; sourceTree = "<group>"; };
		84184D362058B930002FEBED /* ViewController.m */ = {isa = PBXFileReference; lastKnownFileType = sourcecode.c.objc; path = ViewController.m; sourceTree = "<group>"; };
		84184D392058B930002FEBED /* Base */ = {isa = PBXFileReference; lastKnownFileType = file.storyboard; name = Base; path = Base.lproj/Main.storyboard; sourceTree = "<group>"; };
		84184D3B2058B930002FEBED /* Assets.xcassets */ = {isa = PBXFileReference; lastKnownFileType = folder.assetcatalog; path = Assets.xcassets; sourceTree = "<group>"; };
		84184D3E2058B930002FEBED /* Base */ = {isa = PBXFileReference; lastKnownFileType = file.storyboard; name = Base; path = Base.lproj/LaunchScreen.storyboard; sourceTree = "<group>"; };
		84184D402058B930002FEBED /* Info.plist */ = {isa = PBXFileReference; lastKnownFileType = text.plist.xml; path = Info.plist; sourceTree = "<group>"; };
		84184D412058B931002FEBED /* main.m */ = {isa = PBXFileReference; lastKnownFileType = sourcecode.c.objc; path = main.m; sourceTree = "<group>"; };
		84184D472058B931002FEBED /* NewProjectTests.xctest */ = {isa = PBXFileReference; explicitFileType = wrapper.cfbundle; includeInIndex = 0; path = NewProjectTests.xctest; sourceTree = BUILT_PRODUCTS_DIR; };
		84184D4B2058B931002FEBED /* NewProjectTests.m */ = {isa = PBXFileReference; lastKnownFileType = sourcecode.c.objc; path = NewProjectTests.m; sourceTree = "<group>"; };
		84184D4D2058B931002FEBED /* Info.plist */ = {isa = PBXFileReference; lastKnownFileType = text.plist.xml; path = Info.plist; sourceTree = "<group>"; };
		84184D522058B931002FEBED /* NewProjectUITests.xctest */ = {isa = PBXFileReference; explicitFileType = wrapper.cfbundle; includeInIndex = 0; path = NewProjectUITests.xctest; sourceTree = BUILT_PRODUCTS_DIR; };
		84184D562058B931002FEBED /* NewProjectUITests.m */ = {isa = PBXFileReference; lastKnownFileType = sourcecode.c.objc; path = NewProjectUITests.m; sourceTree = "<group>"; };
		84184D582058B931002FEBED /* Info.plist */ = {isa = PBXFileReference; lastKnownFileType = text.plist.xml; path = Info.plist; sourceTree = "<group>"; };
		8484D03D2058F42700F213A7 /* NSObject+BreakPoint.h */ = {isa = PBXFileReference; lastKnownFileType = sourcecode.c.h; path = "NSObject+BreakPoint.h"; sourceTree = "<group>"; };
		8484D03E2058F42700F213A7 /* NSObject+BreakPoint.m */ = {isa = PBXFileReference; lastKnownFileType = sourcecode.c.objc; path = "NSObject+BreakPoint.m"; sourceTree = "<group>"; };
		8484D040205A486A00F213A7 /* MMViewController.h */ = {isa = PBXFileReference; lastKnownFileType = sourcecode.c.h; path = MMViewController.h; sourceTree = "<group>"; };
		8484D041205A486A00F213A7 /* MMViewController.m */ = {isa = PBXFileReference; lastKnownFileType = sourcecode.c.objc; path = MMViewController.m; sourceTree = "<group>"; };
		8484D043205A5D1E00F213A7 /* MMTableViewController.h */ = {isa = PBXFileReference; lastKnownFileType = sourcecode.c.h; path = MMTableViewController.h; sourceTree = "<group>"; };
		8484D044205A5D1E00F213A7 /* MMTableViewController.m */ = {isa = PBXFileReference; lastKnownFileType = sourcecode.c.objc; path = MMTableViewController.m; sourceTree = "<group>"; };
		8484D046205A5D4900F213A7 /* SMMTableViewController.h */ = {isa = PBXFileReference; lastKnownFileType = sourcecode.c.h; path = SMMTableViewController.h; sourceTree = "<group>"; };
		8484D047205A5D4900F213A7 /* SMMTableViewController.m */ = {isa = PBXFileReference; lastKnownFileType = sourcecode.c.objc; path = SMMTableViewController.m; sourceTree = "<group>"; };
		8484D049205A68B300F213A7 /* UIViewController+MMScrollViewCtronller.h */ = {isa = PBXFileReference; lastKnownFileType = sourcecode.c.h; path = "UIViewController+MMScrollViewCtronller.h"; sourceTree = "<group>"; };
		8484D04A205A68B300F213A7 /* UIViewController+MMScrollViewCtronller.m */ = {isa = PBXFileReference; lastKnownFileType = sourcecode.c.objc; path = "UIViewController+MMScrollViewCtronller.m"; sourceTree = "<group>"; };
		A2F273B6B616F2DF6F6F9B16 /* Pods-NewProject.release.xcconfig */ = {isa = PBXFileReference; includeInIndex = 1; lastKnownFileType = text.xcconfig; name = "Pods-NewProject.release.xcconfig"; path = "Pods/Target Support Files/Pods-NewProject/Pods-NewProject.release.xcconfig"; sourceTree = "<group>"; };
		EFB8D8568E44CC94DF53BEC3 /* Pods-NewProjectTests.debug.xcconfig */ = {isa = PBXFileReference; includeInIndex = 1; lastKnownFileType = text.xcconfig; name = "Pods-NewProjectTests.debug.xcconfig"; path = "Pods/Target Support Files/Pods-NewProjectTests/Pods-NewProjectTests.debug.xcconfig"; sourceTree = "<group>"; };
		F07BDC75D869176773999526 /* Pods-NewProjectUITests.release.xcconfig */ = {isa = PBXFileReference; includeInIndex = 1; lastKnownFileType = text.xcconfig; name = "Pods-NewProjectUITests.release.xcconfig"; path = "Pods/Target Support Files/Pods-NewProjectUITests/Pods-NewProjectUITests.release.xcconfig"; sourceTree = "<group>"; };
/* End PBXFileReference section */

/* Begin PBXFrameworksBuildPhase section */
		84184D2C2058B930002FEBED /* Frameworks */ = {
			isa = PBXFrameworksBuildPhase;
			buildActionMask = 2147483647;
			files = (
				15062A97A5A058C4DAF0327A /* libPods-NewProject.a in Frameworks */,
			);
			runOnlyForDeploymentPostprocessing = 0;
		};
		84184D442058B931002FEBED /* Frameworks */ = {
			isa = PBXFrameworksBuildPhase;
			buildActionMask = 2147483647;
			files = (
				5BFF0473C3E27A2B560296E7 /* libPods-NewProjectTests.a in Frameworks */,
			);
			runOnlyForDeploymentPostprocessing = 0;
		};
		84184D4F2058B931002FEBED /* Frameworks */ = {
			isa = PBXFrameworksBuildPhase;
			buildActionMask = 2147483647;
			files = (
				F90BC93990BBBE7A83277DE4 /* libPods-NewProjectUITests.a in Frameworks */,
			);
			runOnlyForDeploymentPostprocessing = 0;
		};
/* End PBXFrameworksBuildPhase section */

/* Begin PBXGroup section */
		531E0D8BB7B77350041F1C84 /* Pods */ = {
			isa = PBXGroup;
			children = (
				2D9EF4EB3877075DA26A41C6 /* Pods-NewProject.debug.xcconfig */,
				A2F273B6B616F2DF6F6F9B16 /* Pods-NewProject.release.xcconfig */,
				EFB8D8568E44CC94DF53BEC3 /* Pods-NewProjectTests.debug.xcconfig */,
				0781FA06A912F2D44E27A65A /* Pods-NewProjectTests.release.xcconfig */,
				7129A8B18E5668A7A45F59C3 /* Pods-NewProjectUITests.debug.xcconfig */,
				F07BDC75D869176773999526 /* Pods-NewProjectUITests.release.xcconfig */,
			);
			name = Pods;
			sourceTree = "<group>";
		};
		84184D262058B930002FEBED = {
			isa = PBXGroup;
			children = (
				84184D312058B930002FEBED /* NewProject */,
				84184D4A2058B931002FEBED /* NewProjectTests */,
				84184D552058B931002FEBED /* NewProjectUITests */,
				84184D302058B930002FEBED /* Products */,
				531E0D8BB7B77350041F1C84 /* Pods */,
				C3E3471EEEE40CA48C0F1AD5 /* Frameworks */,
			);
			sourceTree = "<group>";
		};
		84184D302058B930002FEBED /* Products */ = {
			isa = PBXGroup;
			children = (
				84184D2F2058B930002FEBED /* NewProject.app */,
				84184D472058B931002FEBED /* NewProjectTests.xctest */,
				84184D522058B931002FEBED /* NewProjectUITests.xctest */,
			);
			name = Products;
			sourceTree = "<group>";
		};
		84184D312058B930002FEBED /* NewProject */ = {
			isa = PBXGroup;
			children = (
				84184D322058B930002FEBED /* AppDelegate.h */,
				84184D332058B930002FEBED /* AppDelegate.m */,
				84184D352058B930002FEBED /* ViewController.h */,
				84184D362058B930002FEBED /* ViewController.m */,
				8484D03D2058F42700F213A7 /* NSObject+BreakPoint.h */,
				8484D03E2058F42700F213A7 /* NSObject+BreakPoint.m */,
				84184D382058B930002FEBED /* Main.storyboard */,
				84184D3B2058B930002FEBED /* Assets.xcassets */,
				84184D3D2058B930002FEBED /* LaunchScreen.storyboard */,
				84184D402058B930002FEBED /* Info.plist */,
				84184D412058B931002FEBED /* main.m */,
				8484D040205A486A00F213A7 /* MMViewController.h */,
				8484D041205A486A00F213A7 /* MMViewController.m */,
				8484D049205A68B300F213A7 /* UIViewController+MMScrollViewCtronller.h */,
				8484D04A205A68B300F213A7 /* UIViewController+MMScrollViewCtronller.m */,
				8484D043205A5D1E00F213A7 /* MMTableViewController.h */,
				8484D044205A5D1E00F213A7 /* MMTableViewController.m */,
				8484D046205A5D4900F213A7 /* SMMTableViewController.h */,
				8484D047205A5D4900F213A7 /* SMMTableViewController.m */,
			);
			path = NewProject;
			sourceTree = "<group>";
		};
		84184D4A2058B931002FEBED /* NewProjectTests */ = {
			isa = PBXGroup;
			children = (
				84184D4B2058B931002FEBED /* NewProjectTests.m */,
				84184D4D2058B931002FEBED /* Info.plist */,
			);
			path = NewProjectTests;
			sourceTree = "<group>";
		};
		84184D552058B931002FEBED /* NewProjectUITests */ = {
			isa = PBXGroup;
			children = (
				84184D562058B931002FEBED /* NewProjectUITests.m */,
				84184D582058B931002FEBED /* Info.plist */,
			);
			path = NewProjectUITests;
			sourceTree = "<group>";
		};
		C3E3471EEEE40CA48C0F1AD5 /* Frameworks */ = {
			isa = PBXGroup;
			children = (
				0C8E469EFBE7018105D5EA49 /* libPods-NewProject.a */,
				730D91B0A6AC10D8D2C1CA8D /* libPods-NewProjectTests.a */,
				2B59A5D5DF2C3C23A2FE291B /* libPods-NewProjectUITests.a */,
			);
			name = Frameworks;
			sourceTree = "<group>";
		};
/* End PBXGroup section */

/* Begin PBXNativeTarget section */
		84184D2E2058B930002FEBED /* NewProject */ = {
			isa = PBXNativeTarget;
			buildConfigurationList = 84184D5B2058B931002FEBED /* Build configuration list for PBXNativeTarget "NewProject" */;
			buildPhases = (
				CA000F2A33293683494E2A1A /* [CP] Check Pods Manifest.lock */,
				84184D2B2058B930002FEBED /* Sources */,
				84184D2C2058B930002FEBED /* Frameworks */,
				84184D2D2058B930002FEBED /* Resources */,
				C695CAA358C001054C636077 /* [CP] Embed Pods Frameworks */,
				23B4D235B140D01990A9B8BE /* [CP] Copy Pods Resources */,
			);
			buildRules = (
			);
			dependencies = (
			);
			name = NewProject;
			productName = NewProject;
			productReference = 84184D2F2058B930002FEBED /* NewProject.app */;
			productType = "com.apple.product-type.application";
		};
		84184D462058B931002FEBED /* NewProjectTests */ = {
			isa = PBXNativeTarget;
			buildConfigurationList = 84184D5E2058B931002FEBED /* Build configuration list for PBXNativeTarget "NewProjectTests" */;
			buildPhases = (
				EB6EA80007B912DE0BEF14A1 /* [CP] Check Pods Manifest.lock */,
				84184D432058B931002FEBED /* Sources */,
				84184D442058B931002FEBED /* Frameworks */,
				84184D452058B931002FEBED /* Resources */,
				04298A5A0BF9F0EA298A2FEF /* [CP] Embed Pods Frameworks */,
				9D2FE4E5BC28A9CB4C23E0B4 /* [CP] Copy Pods Resources */,
			);
			buildRules = (
			);
			dependencies = (
				84184D492058B931002FEBED /* PBXTargetDependency */,
			);
			name = NewProjectTests;
			productName = NewProjectTests;
			productReference = 84184D472058B931002FEBED /* NewProjectTests.xctest */;
			productType = "com.apple.product-type.bundle.unit-test";
		};
		84184D512058B931002FEBED /* NewProjectUITests */ = {
			isa = PBXNativeTarget;
			buildConfigurationList = 84184D612058B931002FEBED /* Build configuration list for PBXNativeTarget "NewProjectUITests" */;
			buildPhases = (
				0248A054A80A54D4AE06E8D3 /* [CP] Check Pods Manifest.lock */,
				84184D4E2058B931002FEBED /* Sources */,
				84184D4F2058B931002FEBED /* Frameworks */,
				84184D502058B931002FEBED /* Resources */,
				AC8EF2C034DB355FB03D283F /* [CP] Embed Pods Frameworks */,
				C74271B8CEB8C86F11D777F2 /* [CP] Copy Pods Resources */,
			);
			buildRules = (
			);
			dependencies = (
				84184D542058B931002FEBED /* PBXTargetDependency */,
			);
			name = NewProjectUITests;
			productName = NewProjectUITests;
			productReference = 84184D522058B931002FEBED /* NewProjectUITests.xctest */;
			productType = "com.apple.product-type.bundle.ui-testing";
		};
/* End PBXNativeTarget section */

/* Begin PBXProject section */
		84184D272058B930002FEBED /* Project object */ = {
			isa = PBXProject;
			attributes = {
				LastUpgradeCheck = 0920;
				ORGANIZATIONNAME = admin;
				TargetAttributes = {
					84184D2E2058B930002FEBED = {
						CreatedOnToolsVersion = 9.2;
						ProvisioningStyle = Automatic;
					};
					84184D462058B931002FEBED = {
						CreatedOnToolsVersion = 9.2;
						ProvisioningStyle = Automatic;
						TestTargetID = 84184D2E2058B930002FEBED;
					};
					84184D512058B931002FEBED = {
						CreatedOnToolsVersion = 9.2;
						ProvisioningStyle = Automatic;
						TestTargetID = 84184D2E2058B930002FEBED;
					};
				};
			};
			buildConfigurationList = 84184D2A2058B930002FEBED /* Build configuration list for PBXProject "NewProject" */;
			compatibilityVersion = "Xcode 8.0";
			developmentRegion = en;
			hasScannedForEncodings = 0;
			knownRegions = (
				en,
				Base,
			);
			mainGroup = 84184D262058B930002FEBED;
			productRefGroup = 84184D302058B930002FEBED /* Products */;
			projectDirPath = "";
			projectRoot = "";
			targets = (
				84184D2E2058B930002FEBED /* NewProject */,
				84184D462058B931002FEBED /* NewProjectTests */,
				84184D512058B931002FEBED /* NewProjectUITests */,
			);
		};
/* End PBXProject section */

/* Begin PBXResourcesBuildPhase section */
		84184D2D2058B930002FEBED /* Resources */ = {
			isa = PBXResourcesBuildPhase;
			buildActionMask = 2147483647;
			files = (
				84184D3F2058B930002FEBED /* LaunchScreen.storyboard in Resources */,
				84184D3C2058B930002FEBED /* Assets.xcassets in Resources */,
				84184D3A2058B930002FEBED /* Main.storyboard in Resources */,
			);
			runOnlyForDeploymentPostprocessing = 0;
		};
		84184D452058B931002FEBED /* Resources */ = {
			isa = PBXResourcesBuildPhase;
			buildActionMask = 2147483647;
			files = (
			);
			runOnlyForDeploymentPostprocessing = 0;
		};
		84184D502058B931002FEBED /* Resources */ = {
			isa = PBXResourcesBuildPhase;
			buildActionMask = 2147483647;
			files = (
			);
			runOnlyForDeploymentPostprocessing = 0;
		};
/* End PBXResourcesBuildPhase section */

/* Begin PBXShellScriptBuildPhase section */
		0248A054A80A54D4AE06E8D3 /* [CP] Check Pods Manifest.lock */ = {
			isa = PBXShellScriptBuildPhase;
			buildActionMask = 2147483647;
			files = (
			);
			inputPaths = (
				"${PODS_PODFILE_DIR_PATH}/Podfile.lock",
				"${PODS_ROOT}/Manifest.lock",
			);
			name = "[CP] Check Pods Manifest.lock";
			outputPaths = (
				"$(DERIVED_FILE_DIR)/Pods-NewProjectUITests-checkManifestLockResult.txt",
			);
			runOnlyForDeploymentPostprocessing = 0;
			shellPath = /bin/sh;
			shellScript = "diff \"${PODS_PODFILE_DIR_PATH}/Podfile.lock\" \"${PODS_ROOT}/Manifest.lock\" > /dev/null\nif [ $? != 0 ] ; then\n    # print error to STDERR\n    echo \"error: The sandbox is not in sync with the Podfile.lock. Run 'pod install' or update your CocoaPods installation.\" >&2\n    exit 1\nfi\n# This output is used by Xcode 'outputs' to avoid re-running this script phase.\necho \"SUCCESS\" > \"${SCRIPT_OUTPUT_FILE_0}\"\n";
			showEnvVarsInLog = 0;
		};
		04298A5A0BF9F0EA298A2FEF /* [CP] Embed Pods Frameworks */ = {
			isa = PBXShellScriptBuildPhase;
			buildActionMask = 2147483647;
			files = (
			);
			inputPaths = (
			);
			name = "[CP] Embed Pods Frameworks";
			outputPaths = (
			);
			runOnlyForDeploymentPostprocessing = 0;
			shellPath = /bin/sh;
			shellScript = "\"${SRCROOT}/Pods/Target Support Files/Pods-NewProjectTests/Pods-NewProjectTests-frameworks.sh\"\n";
			showEnvVarsInLog = 0;
		};
		23B4D235B140D01990A9B8BE /* [CP] Copy Pods Resources */ = {
			isa = PBXShellScriptBuildPhase;
			buildActionMask = 2147483647;
			files = (
			);
			inputPaths = (
				"${SRCROOT}/Pods/Target Support Files/Pods-NewProject/Pods-NewProject-resources.sh",
				"${PODS_ROOT}/../TencentOpenAPI/TencentOpenApi_IOS_Bundle.bundle",
			);
			name = "[CP] Copy Pods Resources";
			outputPaths = (
				"${TARGET_BUILD_DIR}/${UNLOCALIZED_RESOURCES_FOLDER_PATH}/TencentOpenApi_IOS_Bundle.bundle",
			);
			runOnlyForDeploymentPostprocessing = 0;
			shellPath = /bin/sh;
			shellScript = "\"${SRCROOT}/Pods/Target Support Files/Pods-NewProject/Pods-NewProject-resources.sh\"\n";
			showEnvVarsInLog = 0;
		};
		9D2FE4E5BC28A9CB4C23E0B4 /* [CP] Copy Pods Resources */ = {
			isa = PBXShellScriptBuildPhase;
			buildActionMask = 2147483647;
			files = (
			);
			inputPaths = (
			);
			name = "[CP] Copy Pods Resources";
			outputPaths = (
			);
			runOnlyForDeploymentPostprocessing = 0;
			shellPath = /bin/sh;
			shellScript = "\"${SRCROOT}/Pods/Target Support Files/Pods-NewProjectTests/Pods-NewProjectTests-resources.sh\"\n";
			showEnvVarsInLog = 0;
		};
		AC8EF2C034DB355FB03D283F /* [CP] Embed Pods Frameworks */ = {
			isa = PBXShellScriptBuildPhase;
			buildActionMask = 2147483647;
			files = (
			);
			inputPaths = (
			);
			name = "[CP] Embed Pods Frameworks";
			outputPaths = (
			);
			runOnlyForDeploymentPostprocessing = 0;
			shellPath = /bin/sh;
			shellScript = "\"${SRCROOT}/Pods/Target Support Files/Pods-NewProjectUITests/Pods-NewProjectUITests-frameworks.sh\"\n";
			showEnvVarsInLog = 0;
		};
		C695CAA358C001054C636077 /* [CP] Embed Pods Frameworks */ = {
			isa = PBXShellScriptBuildPhase;
			buildActionMask = 2147483647;
			files = (
			);
			inputPaths = (
			);
			name = "[CP] Embed Pods Frameworks";
			outputPaths = (
			);
			runOnlyForDeploymentPostprocessing = 0;
			shellPath = /bin/sh;
			shellScript = "\"${SRCROOT}/Pods/Target Support Files/Pods-NewProject/Pods-NewProject-frameworks.sh\"\n";
			showEnvVarsInLog = 0;
		};
		C74271B8CEB8C86F11D777F2 /* [CP] Copy Pods Resources */ = {
			isa = PBXShellScriptBuildPhase;
			buildActionMask = 2147483647;
			files = (
			);
			inputPaths = (
			);
			name = "[CP] Copy Pods Resources";
			outputPaths = (
			);
			runOnlyForDeploymentPostprocessing = 0;
			shellPath = /bin/sh;
			shellScript = "\"${SRCROOT}/Pods/Target Support Files/Pods-NewProjectUITests/Pods-NewProjectUITests-resources.sh\"\n";
			showEnvVarsInLog = 0;
		};
		CA000F2A33293683494E2A1A /* [CP] Check Pods Manifest.lock */ = {
			isa = PBXShellScriptBuildPhase;
			buildActionMask = 2147483647;
			files = (
			);
			inputPaths = (
				"${PODS_PODFILE_DIR_PATH}/Podfile.lock",
				"${PODS_ROOT}/Manifest.lock",
			);
			name = "[CP] Check Pods Manifest.lock";
			outputPaths = (
				"$(DERIVED_FILE_DIR)/Pods-NewProject-checkManifestLockResult.txt",
			);
			runOnlyForDeploymentPostprocessing = 0;
			shellPath = /bin/sh;
			shellScript = "diff \"${PODS_PODFILE_DIR_PATH}/Podfile.lock\" \"${PODS_ROOT}/Manifest.lock\" > /dev/null\nif [ $? != 0 ] ; then\n    # print error to STDERR\n    echo \"error: The sandbox is not in sync with the Podfile.lock. Run 'pod install' or update your CocoaPods installation.\" >&2\n    exit 1\nfi\n# This output is used by Xcode 'outputs' to avoid re-running this script phase.\necho \"SUCCESS\" > \"${SCRIPT_OUTPUT_FILE_0}\"\n";
			showEnvVarsInLog = 0;
		};
		EB6EA80007B912DE0BEF14A1 /* [CP] Check Pods Manifest.lock */ = {
			isa = PBXShellScriptBuildPhase;
			buildActionMask = 2147483647;
			files = (
			);
			inputPaths = (
				"${PODS_PODFILE_DIR_PATH}/Podfile.lock",
				"${PODS_ROOT}/Manifest.lock",
			);
			name = "[CP] Check Pods Manifest.lock";
			outputPaths = (
				"$(DERIVED_FILE_DIR)/Pods-NewProjectTests-checkManifestLockResult.txt",
			);
			runOnlyForDeploymentPostprocessing = 0;
			shellPath = /bin/sh;
			shellScript = "diff \"${PODS_PODFILE_DIR_PATH}/Podfile.lock\" \"${PODS_ROOT}/Manifest.lock\" > /dev/null\nif [ $? != 0 ] ; then\n    # print error to STDERR\n    echo \"error: The sandbox is not in sync with the Podfile.lock. Run 'pod install' or update your CocoaPods installation.\" >&2\n    exit 1\nfi\n# This output is used by Xcode 'outputs' to avoid re-running this script phase.\necho \"SUCCESS\" > \"${SCRIPT_OUTPUT_FILE_0}\"\n";
			showEnvVarsInLog = 0;
		};
/* End PBXShellScriptBuildPhase section */

/* Begin PBXSourcesBuildPhase section */
		84184D2B2058B930002FEBED /* Sources */ = {
			isa = PBXSourcesBuildPhase;
			buildActionMask = 2147483647;
			files = (
				8484D048205A5D4900F213A7 /* SMMTableViewController.m in Sources */,
				8484D042205A486A00F213A7 /* MMViewController.m in Sources */,
				84184D372058B930002FEBED /* ViewController.m in Sources */,
				84184D422058B931002FEBED /* main.m in Sources */,
				8484D04B205A68B300F213A7 /* UIViewController+MMScrollViewCtronller.m in Sources */,
				8484D045205A5D1E00F213A7 /* MMTableViewController.m in Sources */,
				8484D03F2058F42700F213A7 /* NSObject+BreakPoint.m in Sources */,
				84184D342058B930002FEBED /* AppDelegate.m in Sources */,
			);
			runOnlyForDeploymentPostprocessing = 0;
		};
		84184D432058B931002FEBED /* Sources */ = {
			isa = PBXSourcesBuildPhase;
			buildActionMask = 2147483647;
			files = (
				84184D4C2058B931002FEBED /* NewProjectTests.m in Sources */,
			);
			runOnlyForDeploymentPostprocessing = 0;
		};
		84184D4E2058B931002FEBED /* Sources */ = {
			isa = PBXSourcesBuildPhase;
			buildActionMask = 2147483647;
			files = (
				84184D572058B931002FEBED /* NewProjectUITests.m in Sources */,
			);
			runOnlyForDeploymentPostprocessing = 0;
		};
/* End PBXSourcesBuildPhase section */

/* Begin PBXTargetDependency section */
		84184D492058B931002FEBED /* PBXTargetDependency */ = {
			isa = PBXTargetDependency;
			target = 84184D2E2058B930002FEBED /* NewProject */;
			targetProxy = 84184D482058B931002FEBED /* PBXContainerItemProxy */;
		};
		84184D542058B931002FEBED /* PBXTargetDependency */ = {
			isa = PBXTargetDependency;
			target = 84184D2E2058B930002FEBED /* NewProject */;
			targetProxy = 84184D532058B931002FEBED /* PBXContainerItemProxy */;
		};
/* End PBXTargetDependency section */

/* Begin PBXVariantGroup section */
		84184D382058B930002FEBED /* Main.storyboard */ = {
			isa = PBXVariantGroup;
			children = (
				84184D392058B930002FEBED /* Base */,
			);
			name = Main.storyboard;
			sourceTree = "<group>";
		};
		84184D3D2058B930002FEBED /* LaunchScreen.storyboard */ = {
			isa = PBXVariantGroup;
			children = (
				84184D3E2058B930002FEBED /* Base */,
			);
			name = LaunchScreen.storyboard;
			sourceTree = "<group>";
		};
/* End PBXVariantGroup section */

/* Begin XCBuildConfiguration section */
		84184D592058B931002FEBED /* Debug */ = {
			isa = XCBuildConfiguration;
			buildSettings = {
				ALWAYS_SEARCH_USER_PATHS = NO;
				CLANG_ANALYZER_NONNULL = YES;
				CLANG_ANALYZER_NUMBER_OBJECT_CONVERSION = YES_AGGRESSIVE;
				CLANG_CXX_LANGUAGE_STANDARD = "gnu++14";
				CLANG_CXX_LIBRARY = "libc++";
				CLANG_ENABLE_MODULES = YES;
				CLANG_ENABLE_OBJC_ARC = YES;
				CLANG_WARN_BLOCK_CAPTURE_AUTORELEASING = YES;
				CLANG_WARN_BOOL_CONVERSION = YES;
				CLANG_WARN_COMMA = YES;
				CLANG_WARN_CONSTANT_CONVERSION = YES;
				CLANG_WARN_DIRECT_OBJC_ISA_USAGE = YES_ERROR;
				CLANG_WARN_DOCUMENTATION_COMMENTS = YES;
				CLANG_WARN_EMPTY_BODY = YES;
				CLANG_WARN_ENUM_CONVERSION = YES;
				CLANG_WARN_INFINITE_RECURSION = YES;
				CLANG_WARN_INT_CONVERSION = YES;
				CLANG_WARN_NON_LITERAL_NULL_CONVERSION = YES;
				CLANG_WARN_OBJC_LITERAL_CONVERSION = YES;
				CLANG_WARN_OBJC_ROOT_CLASS = YES_ERROR;
				CLANG_WARN_RANGE_LOOP_ANALYSIS = YES;
				CLANG_WARN_STRICT_PROTOTYPES = YES;
				CLANG_WARN_SUSPICIOUS_MOVE = YES;
				CLANG_WARN_UNGUARDED_AVAILABILITY = YES_AGGRESSIVE;
				CLANG_WARN_UNREACHABLE_CODE = YES;
				CLANG_WARN__DUPLICATE_METHOD_MATCH = YES;
				CODE_SIGN_IDENTITY = "iPhone Developer";
				COPY_PHASE_STRIP = NO;
				DEBUG_INFORMATION_FORMAT = dwarf;
				ENABLE_STRICT_OBJC_MSGSEND = YES;
				ENABLE_TESTABILITY = YES;
				GCC_C_LANGUAGE_STANDARD = gnu11;
				GCC_DYNAMIC_NO_PIC = NO;
				GCC_NO_COMMON_BLOCKS = YES;
				GCC_OPTIMIZATION_LEVEL = 0;
				GCC_PREPROCESSOR_DEFINITIONS = (
					"DEBUG=1",
					"$(inherited)",
				);
				GCC_WARN_64_TO_32_BIT_CONVERSION = YES;
				GCC_WARN_ABOUT_RETURN_TYPE = YES_ERROR;
				GCC_WARN_UNDECLARED_SELECTOR = YES;
				GCC_WARN_UNINITIALIZED_AUTOS = YES_AGGRESSIVE;
				GCC_WARN_UNUSED_FUNCTION = YES;
				GCC_WARN_UNUSED_VARIABLE = YES;
				IPHONEOS_DEPLOYMENT_TARGET = 11.2;
				MTL_ENABLE_DEBUG_INFO = YES;
				ONLY_ACTIVE_ARCH = YES;
				SDKROOT = iphoneos;
			};
			name = Debug;
		};
		84184D5A2058B931002FEBED /* Release */ = {
			isa = XCBuildConfiguration;
			buildSettings = {
				ALWAYS_SEARCH_USER_PATHS = NO;
				CLANG_ANALYZER_NONNULL = YES;
				CLANG_ANALYZER_NUMBER_OBJECT_CONVERSION = YES_AGGRESSIVE;
				CLANG_CXX_LANGUAGE_STANDARD = "gnu++14";
				CLANG_CXX_LIBRARY = "libc++";
				CLANG_ENABLE_MODULES = YES;
				CLANG_ENABLE_OBJC_ARC = YES;
				CLANG_WARN_BLOCK_CAPTURE_AUTORELEASING = YES;
				CLANG_WARN_BOOL_CONVERSION = YES;
				CLANG_WARN_COMMA = YES;
				CLANG_WARN_CONSTANT_CONVERSION = YES;
				CLANG_WARN_DIRECT_OBJC_ISA_USAGE = YES_ERROR;
				CLANG_WARN_DOCUMENTATION_COMMENTS = YES;
				CLANG_WARN_EMPTY_BODY = YES;
				CLANG_WARN_ENUM_CONVERSION = YES;
				CLANG_WARN_INFINITE_RECURSION = YES;
				CLANG_WARN_INT_CONVERSION = YES;
				CLANG_WARN_NON_LITERAL_NULL_CONVERSION = YES;
				CLANG_WARN_OBJC_LITERAL_CONVERSION = YES;
				CLANG_WARN_OBJC_ROOT_CLASS = YES_ERROR;
				CLANG_WARN_RANGE_LOOP_ANALYSIS = YES;
				CLANG_WARN_STRICT_PROTOTYPES = YES;
				CLANG_WARN_SUSPICIOUS_MOVE = YES;
				CLANG_WARN_UNGUARDED_AVAILABILITY = YES_AGGRESSIVE;
				CLANG_WARN_UNREACHABLE_CODE = YES;
				CLANG_WARN__DUPLICATE_METHOD_MATCH = YES;
				CODE_SIGN_IDENTITY = "iPhone Developer";
				COPY_PHASE_STRIP = NO;
				DEBUG_INFORMATION_FORMAT = "dwarf-with-dsym";
				ENABLE_NS_ASSERTIONS = NO;
				ENABLE_STRICT_OBJC_MSGSEND = YES;
				GCC_C_LANGUAGE_STANDARD = gnu11;
				GCC_NO_COMMON_BLOCKS = YES;
				GCC_WARN_64_TO_32_BIT_CONVERSION = YES;
				GCC_WARN_ABOUT_RETURN_TYPE = YES_ERROR;
				GCC_WARN_UNDECLARED_SELECTOR = YES;
				GCC_WARN_UNINITIALIZED_AUTOS = YES_AGGRESSIVE;
				GCC_WARN_UNUSED_FUNCTION = YES;
				GCC_WARN_UNUSED_VARIABLE = YES;
				IPHONEOS_DEPLOYMENT_TARGET = 11.2;
				MTL_ENABLE_DEBUG_INFO = NO;
				SDKROOT = iphoneos;
				VALIDATE_PRODUCT = YES;
			};
			name = Release;
		};
		84184D5C2058B931002FEBED /* Debug */ = {
			isa = XCBuildConfiguration;
			baseConfigurationReference = 2D9EF4EB3877075DA26A41C6 /* Pods-NewProject.debug.xcconfig */;
			buildSettings = {
				ASSETCATALOG_COMPILER_APPICON_NAME = AppIcon;
				CODE_SIGN_STYLE = Automatic;
				INFOPLIST_FILE = NewProject/Info.plist;
				LD_RUNPATH_SEARCH_PATHS = "$(inherited) @executable_path/Frameworks";
				PRODUCT_BUNDLE_IDENTIFIER = admin.NewProject;
				PRODUCT_NAME = "$(TARGET_NAME)";
				TARGETED_DEVICE_FAMILY = "1,2";
			};
			name = Debug;
		};
		84184D5D2058B931002FEBED /* Release */ = {
			isa = XCBuildConfiguration;
			baseConfigurationReference = A2F273B6B616F2DF6F6F9B16 /* Pods-NewProject.release.xcconfig */;
			buildSettings = {
				ASSETCATALOG_COMPILER_APPICON_NAME = AppIcon;
				CODE_SIGN_STYLE = Automatic;
				INFOPLIST_FILE = NewProject/Info.plist;
				LD_RUNPATH_SEARCH_PATHS = "$(inherited) @executable_path/Frameworks";
				PRODUCT_BUNDLE_IDENTIFIER = admin.NewProject;
				PRODUCT_NAME = "$(TARGET_NAME)";
				TARGETED_DEVICE_FAMILY = "1,2";
			};
			name = Release;
		};
		84184D5F2058B931002FEBED /* Debug */ = {
			isa = XCBuildConfiguration;
			baseConfigurationReference = EFB8D8568E44CC94DF53BEC3 /* Pods-NewProjectTests.debug.xcconfig */;
			buildSettings = {
				BUNDLE_LOADER = "$(TEST_HOST)";
				CODE_SIGN_STYLE = Automatic;
				INFOPLIST_FILE = NewProjectTests/Info.plist;
				LD_RUNPATH_SEARCH_PATHS = "$(inherited) @executable_path/Frameworks @loader_path/Frameworks";
				PRODUCT_BUNDLE_IDENTIFIER = admin.NewProjectTests;
				PRODUCT_NAME = "$(TARGET_NAME)";
				TARGETED_DEVICE_FAMILY = "1,2";
				TEST_HOST = "$(BUILT_PRODUCTS_DIR)/NewProject.app/NewProject";
			};
			name = Debug;
		};
		84184D602058B931002FEBED /* Release */ = {
			isa = XCBuildConfiguration;
			baseConfigurationReference = 0781FA06A912F2D44E27A65A /* Pods-NewProjectTests.release.xcconfig */;
			buildSettings = {
				BUNDLE_LOADER = "$(TEST_HOST)";
				CODE_SIGN_STYLE = Automatic;
				INFOPLIST_FILE = NewProjectTests/Info.plist;
				LD_RUNPATH_SEARCH_PATHS = "$(inherited) @executable_path/Frameworks @loader_path/Frameworks";
				PRODUCT_BUNDLE_IDENTIFIER = admin.NewProjectTests;
				PRODUCT_NAME = "$(TARGET_NAME)";
				TARGETED_DEVICE_FAMILY = "1,2";
				TEST_HOST = "$(BUILT_PRODUCTS_DIR)/NewProject.app/NewProject";
			};
			name = Release;
		};
		84184D622058B931002FEBED /* Debug */ = {
			isa = XCBuildConfiguration;
			baseConfigurationReference = 7129A8B18E5668A7A45F59C3 /* Pods-NewProjectUITests.debug.xcconfig */;
			buildSettings = {
				CODE_SIGN_STYLE = Automatic;
				INFOPLIST_FILE = NewProjectUITests/Info.plist;
				LD_RUNPATH_SEARCH_PATHS = "$(inherited) @executable_path/Frameworks @loader_path/Frameworks";
				PRODUCT_BUNDLE_IDENTIFIER = admin.NewProjectUITests;
				PRODUCT_NAME = "$(TARGET_NAME)";
				TARGETED_DEVICE_FAMILY = "1,2";
				TEST_TARGET_NAME = NewProject;
			};
			name = Debug;
		};
		84184D632058B931002FEBED /* Release */ = {
			isa = XCBuildConfiguration;
			baseConfigurationReference = F07BDC75D869176773999526 /* Pods-NewProjectUITests.release.xcconfig */;
			buildSettings = {
				CODE_SIGN_STYLE = Automatic;
				INFOPLIST_FILE = NewProjectUITests/Info.plist;
				LD_RUNPATH_SEARCH_PATHS = "$(inherited) @executable_path/Frameworks @loader_path/Frameworks";
				PRODUCT_BUNDLE_IDENTIFIER = admin.NewProjectUITests;
				PRODUCT_NAME = "$(TARGET_NAME)";
				TARGETED_DEVICE_FAMILY = "1,2";
				TEST_TARGET_NAME = NewProject;
			};
			name = Release;
		};
/* End XCBuildConfiguration section */

/* Begin XCConfigurationList section */
		84184D2A2058B930002FEBED /* Build configuration list for PBXProject "NewProject" */ = {
			isa = XCConfigurationList;
			buildConfigurations = (
				84184D592058B931002FEBED /* Debug */,
				84184D5A2058B931002FEBED /* Release */,
			);
			defaultConfigurationIsVisible = 0;
			defaultConfigurationName = Release;
		};
		84184D5B2058B931002FEBED /* Build configuration list for PBXNativeTarget "NewProject" */ = {
			isa = XCConfigurationList;
			buildConfigurations = (
				84184D5C2058B931002FEBED /* Debug */,
				84184D5D2058B931002FEBED /* Release */,
			);
			defaultConfigurationIsVisible = 0;
			defaultConfigurationName = Release;
		};
		84184D5E2058B931002FEBED /* Build configuration list for PBXNativeTarget "NewProjectTests" */ = {
			isa = XCConfigurationList;
			buildConfigurations = (
				84184D5F2058B931002FEBED /* Debug */,
				84184D602058B931002FEBED /* Release */,
			);
			defaultConfigurationIsVisible = 0;
			defaultConfigurationName = Release;
		};
		84184D612058B931002FEBED /* Build configuration list for PBXNativeTarget "NewProjectUITests" */ = {
			isa = XCConfigurationList;
			buildConfigurations = (
				84184D622058B931002FEBED /* Debug */,
				84184D632058B931002FEBED /* Release */,
			);
			defaultConfigurationIsVisible = 0;
			defaultConfigurationName = Release;
		};
/* End XCConfigurationList section */
	};
	rootObject = 84184D272058B930002FEBED /* Project object */;
}
